{
  "name": "idb-keyval",
  "version": "2.3.0",
  "lockfileVersion": 1,
  "requires": true,
  "dependencies": {
    "rollup": {
      "version": "0.56.5",
      "resolved": "https://registry.npmjs.org/rollup/-/rollup-0.56.5.tgz",
      "integrity": "sha512-IGPk5vdWrsc4vkiW9XMeXr5QMtxmvATTttTi59w2jBQWe9G/MMQtn8teIBAj+DdK51TrpVT6P0aQUaQUlUYCJA==",
      "dev": true
    }
  }
}
